
Microsoft Visual Studio Solution File, Format Version 12.00
# Visual Studio Version 16
VisualStudioVersion = 16.0.32228.343
MinimumVisualStudioVersion = 10.0.40219.1
Project("{FAE04EC0-301F-11D3-BF4B-00C04F79EFBC}") = "SU", "SU\SU.csproj", "{ADE7AB09-7E0A-4B4D-A897-3DB7267EF39F}"
EndProject
Global
	GlobalSection(SolutionConfigurationPlatforms) = preSolution
		Debug|Any CPU = Debug|Any CPU
		Release|Any CPU = Release|Any CPU
	EndGlobalSection
	GlobalSection(ProjectConfigurationPlatforms) = postSolution
		{ADE7AB09-7E0A-4B4D-A897-3DB7267EF39F}.Debug|Any CPU.ActiveCfg = Debug|Any CPU
		{ADE7AB09-7E0A-4B4D-A897-3DB7267EF39F}.Debug|Any CPU.Build.0 = Debug|Any CPU
		{ADE7AB09-7E0A-4B4D-A897-3DB7267EF39F}.Release|Any CPU.ActiveCfg = Release|Any CPU
		{ADE7AB09-7E0A-4B4D-A897-3DB7267EF39F}.Release|Any CPU.Build.0 = Release|Any CPU
	EndGlobalSection
	GlobalSection(SolutionProperties) = preSolution
		HideSolutionNode = FALSE
	EndGlobalSection
	GlobalSection(ExtensibilityGlobals) = postSolution
		SolutionGuid = {50C4D5DD-1B65-4BDD-860F-74EA771AACBA}
	EndGlobalSection
EndGlobal
